
Microsoft Visual Studio Solution File, Format Version 12.00
# Visual Studio 15
VisualStudioVersion = 15.0.27004.2005
MinimumVisualStudioVersion = 10.0.40219.1
Project("{FAE04EC0-301F-11D3-BF4B-00C04F79EFBC}") = "WpfApp4", "WpfApp4\WpfApp4.csproj", "{8DC2FA0F-F445-4B00-B215-6A503192851B}"
EndProject
Global
	GlobalSection(SolutionConfigurationPlatforms) = preSolution
		Debug|Any CPU = Debug|Any CPU
		Release|Any CPU = Release|Any CPU
	EndGlobalSection
	GlobalSection(ProjectConfigurationPlatforms) = postSolution
		{8DC2FA0F-F445-4B00-B215-6A503192851B}.Debug|Any CPU.ActiveCfg = Debug|Any CPU
		{8DC2FA0F-F445-4B00-B215-6A503192851B}.Debug|Any CPU.Build.0 = Debug|Any CPU
		{8DC2FA0F-F445-4B00-B215-6A503192851B}.Release|Any CPU.ActiveCfg = Release|Any CPU
		{8DC2FA0F-F445-4B00-B215-6A503192851B}.Release|Any CPU.Build.0 = Release|Any CPU
	EndGlobalSection
	GlobalSection(SolutionProperties) = preSolution
		HideSolutionNode = FALSE
	EndGlobalSection
	GlobalSection(ExtensibilityGlobals) = postSolution
		SolutionGuid = {F2AA4AA6-67C4-4DF5-B652-462574579EA4}
	EndGlobalSection
EndGlobal
